
Microsoft Visual Studio Solution File, Format Version 12.00
# Visual Studio 15
VisualStudioVersion = 15.0.28307.168
MinimumVisualStudioVersion = 10.0.40219.1
Project("{888888A0-9F3D-457C-B088-3A5042F75D52}") = "SonogramPadzik", "PythonApplication1\SonogramPadzik.pyproj", "{05A005C2-4792-4B3A-AD29-74CA38DAEDD3}"
EndProject
Global
	GlobalSection(SolutionConfigurationPlatforms) = preSolution
		Debug|Any CPU = Debug|Any CPU
		Release|Any CPU = Release|Any CPU
	EndGlobalSection
	GlobalSection(ProjectConfigurationPlatforms) = postSolution
		{05A005C2-4792-4B3A-AD29-74CA38DAEDD3}.Debug|Any CPU.ActiveCfg = Debug|Any CPU
		{05A005C2-4792-4B3A-AD29-74CA38DAEDD3}.Release|Any CPU.ActiveCfg = Release|Any CPU
	EndGlobalSection
	GlobalSection(SolutionProperties) = preSolution
		HideSolutionNode = FALSE
	EndGlobalSection
	GlobalSection(ExtensibilityGlobals) = postSolution
		Qt5Version = $(DefaultQtVersion)
		SolutionGuid = {78EA2B6D-3DAE-4FF1-B88A-6324BBC1EF43}
	EndGlobalSection
EndGlobal
